
Microsoft Visual Studio Solution File, Format Version 12.00
# Visual Studio 15
VisualStudioVersion = 15.0.28010.0
MinimumVisualStudioVersion = 10.0.40219.1
Project("{8BC9CEB8-8B4A-11D0-8D11-00A0C91BC942}") = "GausssianBlur", "GausssianBlur\GausssianBlur.vcxproj", "{8632EF59-AD6C-404C-A12F-DD5671C359FE}"
EndProject
Global
	GlobalSection(SolutionConfigurationPlatforms) = preSolution
		Debug|ARM = Debug|ARM
		Debug|ARM64 = Debug|ARM64
		Debug|x64 = Debug|x64
		Debug|x86 = Debug|x86
		Release|ARM = Release|ARM
		Release|ARM64 = Release|ARM64
		Release|x64 = Release|x64
		Release|x86 = Release|x86
	EndGlobalSection
	GlobalSection(ProjectConfigurationPlatforms) = postSolution
		{8632EF59-AD6C-404C-A12F-DD5671C359FE}.Debug|ARM.ActiveCfg = Debug|ARM
		{8632EF59-AD6C-404C-A12F-DD5671C359FE}.Debug|ARM.Build.0 = Debug|ARM
		{8632EF59-AD6C-404C-A12F-DD5671C359FE}.Debug|ARM64.ActiveCfg = Debug|ARM64
		{8632EF59-AD6C-404C-A12F-DD5671C359FE}.Debug|ARM64.Build.0 = Debug|ARM64
		{8632EF59-AD6C-404C-A12F-DD5671C359FE}.Debug|x64.ActiveCfg = Debug|x64
		{8632EF59-AD6C-404C-A12F-DD5671C359FE}.Debug|x64.Build.0 = Debug|x64
		{8632EF59-AD6C-404C-A12F-DD5671C359FE}.Debug|x86.ActiveCfg = Debug|x86
		{8632EF59-AD6C-404C-A12F-DD5671C359FE}.Debug|x86.Build.0 = Debug|x86
		{8632EF59-AD6C-404C-A12F-DD5671C359FE}.Release|ARM.ActiveCfg = Release|ARM
		{8632EF59-AD6C-404C-A12F-DD5671C359FE}.Release|ARM.Build.0 = Release|ARM
		{8632EF59-AD6C-404C-A12F-DD5671C359FE}.Release|ARM64.ActiveCfg = Release|ARM64
		{8632EF59-AD6C-404C-A12F-DD5671C359FE}.Release|ARM64.Build.0 = Release|ARM64
		{8632EF59-AD6C-404C-A12F-DD5671C359FE}.Release|x64.ActiveCfg = Release|x64
		{8632EF59-AD6C-404C-A12F-DD5671C359FE}.Release|x64.Build.0 = Release|x64
		{8632EF59-AD6C-404C-A12F-DD5671C359FE}.Release|x86.ActiveCfg = Release|x86
		{8632EF59-AD6C-404C-A12F-DD5671C359FE}.Release|x86.Build.0 = Release|x86
	EndGlobalSection
	GlobalSection(SolutionProperties) = preSolution
		HideSolutionNode = FALSE
	EndGlobalSection
	GlobalSection(ExtensibilityGlobals) = postSolution
		SolutionGuid = {B3BB1EE6-43F2-4FB0-AC3A-F87A29764E16}
	EndGlobalSection
EndGlobal
